
Microsoft Visual Studio Solution File, Format Version 12.00
# Visual Studio Version 17
VisualStudioVersion = 17.2.32519.379
MinimumVisualStudioVersion = 10.0.40219.1
Project("{FAE04EC0-301F-11D3-BF4B-00C04F79EFBC}") = "HttpHandlerConfigBug", "HttpHandlerConfigBug\HttpHandlerConfigBug.csproj", "{A67081E4-6990-4235-9414-6AB3A51604B8}"
EndProject
Global
	GlobalSection(SolutionConfigurationPlatforms) = preSolution
		Debug|Any CPU = Debug|Any CPU
		Release|Any CPU = Release|Any CPU
	EndGlobalSection
	GlobalSection(ProjectConfigurationPlatforms) = postSolution
		{A67081E4-6990-4235-9414-6AB3A51604B8}.Debug|Any CPU.ActiveCfg = Debug|Any CPU
		{A67081E4-6990-4235-9414-6AB3A51604B8}.Debug|Any CPU.Build.0 = Debug|Any CPU
		{A67081E4-6990-4235-9414-6AB3A51604B8}.Release|Any CPU.ActiveCfg = Release|Any CPU
		{A67081E4-6990-4235-9414-6AB3A51604B8}.Release|Any CPU.Build.0 = Release|Any CPU
	EndGlobalSection
	GlobalSection(SolutionProperties) = preSolution
		HideSolutionNode = FALSE
	EndGlobalSection
	GlobalSection(ExtensibilityGlobals) = postSolution
		SolutionGuid = {90FB97CE-711E-41CA-9868-8407985161BA}
	EndGlobalSection
EndGlobal
